{
  "version": 1,
  "dependencies": {
    ".NETStandard,Version=v2.0": {
      "DockerRunner": {
        "type": "Direct",
        "requested": "[1.0.0-beta.1, )",
        "resolved": "1.0.0-beta.1",
        "contentHash": "eeFaXuYogGvbu9UDqW1w9YiA+P/Z+NB0j+eAvZYj4KLMn0K5DqNHAjoERGAFKAiDviyKAKL0wrEjuBHXsu18lw==",
        "dependencies": {
          "Microsoft.Bcl.AsyncInterfaces": "5.0.0"
        }
      },
      "Microsoft.NETFramework.ReferenceAssemblies": {
        "type": "Direct",
        "requested": "[1.0.2, )",
        "resolved": "1.0.2",
        "contentHash": "5/cSEVld+px/CuRrbohO/djfg6++eR6zGpy88MgqloXvkj//WXWpFZyu/OpkXPN0u5m+dN/EVwLNYFUxD4h2+A=="
      },
      "Microsoft.SourceLink.GitHub": {
        "type": "Direct",
        "requested": "[1.0.0, )",
        "resolved": "1.0.0",
        "contentHash": "aZyGyGg2nFSxix+xMkPmlmZSsnGQ3w+mIG23LTxJZHN+GPwTQ5FpPgDo7RMOq+Kcf5D4hFWfXkGhoGstawX13Q==",
        "dependencies": {
          "Microsoft.Build.Tasks.Git": "1.0.0",
          "Microsoft.SourceLink.Common": "1.0.0"
        }
      },
      "Microsoft.VisualStudio.Threading.Analyzers": {
        "type": "Direct",
        "requested": "[16.10.56, )",
        "resolved": "16.10.56",
        "contentHash": "uTvu9fbmHTtRFY5xUgG45waU+ARad0JxyG/2btOC9Su6RTo3PrGVXKU2vHDtVELqlJsnKImhMaPH3YR0XCVwDg=="
      },
      "MinVer": {
        "type": "Direct",
        "requested": "[2.5.0, )",
        "resolved": "2.5.0",
        "contentHash": "+vgY+COxnu93nZEVYScloRuboNRIYkElokxTdtKLt6isr/f6GllPt0oLfrHj7fzxgj7SC5xMZg5c2qvd6qyHDQ=="
      },
      "NETStandard.Library": {
        "type": "Direct",
        "requested": "[2.0.3, )",
        "resolved": "2.0.3",
        "contentHash": "st47PosZSHrjECdjeIzZQbzivYBJFv6P2nv4cj2ypdI204DO+vZ7l5raGMiX4eXMJ53RfOIg+/s4DHVZ54Nu2A==",
        "dependencies": {
          "Microsoft.NETCore.Platforms": "1.1.0"
        }
      },
      "Npgsql": {
        "type": "Direct",
        "requested": "[3.1.0, )",
        "resolved": "3.1.0",
        "contentHash": "jXNMe2p2aTXlRYYdOw3A8CeO5w2tFDR6c2WOAUV8lnj5MQpTXXDhrWU+CwZxU2z4+JeFu/igmMrmYV0DLtcavQ==",
        "dependencies": {
          "Microsoft.Win32.Primitives": "4.0.1-rc2-24027",
          "System.Collections.Concurrent": "4.0.12-rc2-24027",
          "System.ComponentModel": "4.0.1-rc2-24027",
          "System.ComponentModel.TypeConverter": "4.0.1-rc2-24027",
          "System.Console": "4.0.0-rc2-24027",
          "System.Data.Common": "4.0.1-rc2-24027",
          "System.Diagnostics.Contracts": "4.0.1-rc2-24027",
          "System.Diagnostics.Tools": "4.0.1-rc2-24027",
          "System.Globalization": "4.0.11-rc2-24027",
          "System.Globalization.Extensions": "4.0.1-rc2-24027",
          "System.Linq": "4.1.0-rc2-24027",
          "System.Net.NameResolution": "4.0.0-rc2-24027",
          "System.Net.NetworkInformation": "4.1.0-rc2-24027",
          "System.Net.Primitives": "4.0.11-rc2-24027",
          "System.Net.Security": "4.0.0-rc2-24027",
          "System.Net.Sockets": "4.1.0-rc2-24027",
          "System.Reflection": "4.1.0-rc2-24027",
          "System.Reflection.Extensions": "4.0.1-rc2-24027",
          "System.Reflection.TypeExtensions": "4.1.0-rc2-24027",
          "System.Runtime": "4.1.0-rc2-24027",
          "System.Runtime.Extensions": "4.1.0-rc2-24027",
          "System.Runtime.InteropServices": "4.1.0-rc2-24027",
          "System.Runtime.InteropServices.RuntimeInformation": "4.0.0-rc2-24027",
          "System.Runtime.Numerics": "4.0.1-rc2-24027",
          "System.Security.Cryptography.Algorithms": "4.1.0-rc2-24027",
          "System.Security.Cryptography.Primitives": "4.0.0-rc2-24027",
          "System.Security.Cryptography.X509Certificates": "4.1.0-rc2-24027",
          "System.Security.Principal": "4.0.1-rc2-24027",
          "System.Text.Encoding.Extensions": "4.0.11-rc2-24027",
          "System.Text.RegularExpressions": "4.0.12-rc2-24027",
          "System.Threading": "4.0.11-rc2-24027",
          "System.Threading.Thread": "4.0.0-rc2-24027",
          "System.Threading.Timer": "4.0.1-rc2-24027"
        }
      },
      "Microsoft.Bcl.AsyncInterfaces": {
        "type": "Transitive",
        "resolved": "5.0.0",
        "contentHash": "W8DPQjkMScOMTtJbPwmPyj9c3zYSFGawDW3jwlBOOsnY+EzZFLgNQ/UMkK35JmkNOVPdCyPr2Tw7Vv9N+KA3ZQ==",
        "dependencies": {
          "System.Threading.Tasks.Extensions": "4.5.4"
        }
      },
      "Microsoft.Build.Tasks.Git": {
        "type": "Transitive",
        "resolved": "1.0.0",
        "contentHash": "z2fpmmt+1Jfl+ZnBki9nSP08S1/tbEOxFdsK1rSR+LBehIJz1Xv9/6qOOoGNqlwnAGGVGis1Oj6S8Kt9COEYlQ=="
      },
      "Microsoft.NETCore.Platforms": {
        "type": "Transitive",
        "resolved": "1.1.0",
        "contentHash": "kz0PEW2lhqygehI/d6XsPCQzD7ff7gUJaVGPVETX611eadGsA3A877GdSlU0LRVMCTH/+P3o2iDTak+S08V2+A=="
      },
      "Microsoft.SourceLink.Common": {
        "type": "Transitive",
        "resolved": "1.0.0",
        "contentHash": "G8DuQY8/DK5NN+3jm5wcMcd9QYD90UV7MiLmdljSJixi3U/vNaeBKmmXUqI4DJCOeWizIUEh4ALhSt58mR+5eg=="
      },
      "Microsoft.Win32.Primitives": {
        "type": "Transitive",
        "resolved": "4.0.1-rc2-24027",
        "contentHash": "ac5JNXIY6zjTxnjOmPyDHsG4a9u4cXzk3rSlmXRqBUdepWrmPErLx6tz6mnJJpRUS9ukZ/235KtcmVGIOXSk2g==",
        "dependencies": {
          "System.Runtime": "4.1.0-rc2-24027"
        }
      },
      "runtime.native.System": {
        "type": "Transitive",
        "resolved": "4.0.0-rc2-24027",
        "contentHash": "bC0GLcJTry9N+ra9qb+zYSQHnBpy4ZMVJXRRSuu7aD/cQoZPQtySql110ec9REOKsE6tf2ZoolczpCOmzwKW8g=="
      },
      "runtime.native.System.Net.Http": {
        "type": "Transitive",
        "resolved": "4.0.1-rc2-24027",
        "contentHash": "NtYGs9vDkR/XtJAA2batr1MxMM/JqtvCIMzJ3QdErd5HoALZSv5O9YQfBPvdsrGUPDyDgbIa8WB0Q/iFv+o12A=="
      },
      "runtime.native.System.Net.Security": {
        "type": "Transitive",
        "resolved": "4.0.1-rc2-24027",
        "contentHash": "LFbuFstk7gCPPefhVlfvTsnf0GbRSRpzI8yK319/IZakJBQhIEBQEK1aawg29PfAQf7Pqmt8FAUT4tkhhHmH9A=="
      },
      "runtime.native.System.Security.Cryptography": {
        "type": "Transitive",
        "resolved": "4.0.0-rc2-24027",
        "contentHash": "Xi58pn6uTrwo2hz2mhR7LbqaukuS3eRsVg6Y5BZGDtthJmv/LGh//3jtVASQMK14ByRVZoK3nP8S+l/2gt+R+g=="
      },
      "System.Collections": {
        "type": "Transitive",
        "resolved": "4.0.11-rc2-24027",
        "contentHash": "wi4oT2B06Ev7vDPeJki7HVJ3qPYJIilzf+p81JuNaBD9L2wi9Y2L5BsQ6ToncW+lYZafuMea/hiK1xX1Ge1VWQ==",
        "dependencies": {
          "System.Runtime": "4.1.0-rc2-24027"
        }
      },
      "System.Collections.Concurrent": {
        "type": "Transitive",
        "resolved": "4.0.12-rc2-24027",
        "contentHash": "0XN+QpKMG5xHRZ50hV6Yn1ojqAhZ2CL8q4vT316ipEB3yEb/ROMjC18Html5QreF12ZS6Le1AWtIB1Qgi2FzvA==",
        "dependencies": {
          "System.Collections": "4.0.11-rc2-24027",
          "System.Diagnostics.Debug": "4.0.11-rc2-24027",
          "System.Diagnostics.Tracing": "4.1.0-rc2-24027",
          "System.Globalization": "4.0.11-rc2-24027",
          "System.Reflection": "4.1.0-rc2-24027",
          "System.Resources.ResourceManager": "4.0.1-rc2-24027",
          "System.Runtime": "4.1.0-rc2-24027",
          "System.Runtime.Extensions": "4.1.0-rc2-24027",
          "System.Threading": "4.0.11-rc2-24027",
          "System.Threading.Tasks": "4.0.11-rc2-24027"
        }
      },
      "System.ComponentModel": {
        "type": "Transitive",
        "resolved": "4.0.1-rc2-24027",
        "contentHash": "6ne+Yk/6J59NZ19jiKjxwRPS2VIofrps2xkGDxMpyiHzEk4xpIY0kzt0ZABvTpdOYpvOw7bz2Ls2/X0QiuSjQg==",
        "dependencies": {
          "System.Runtime": "4.1.0-rc2-24027"
        }
      },
      "System.ComponentModel.Primitives": {
        "type": "Transitive",
        "resolved": "4.0.1-rc2-24027",
        "contentHash": "yTC0+qi9NaO0tt+1proIshyQ32slseRC6f/mrZLJU+pJRDY2k1nMage7AySH1qk9ZHw9KjiXMRjkRwgrQRQoSQ==",
        "dependencies": {
          "System.ComponentModel": "4.0.1-rc2-24027",
          "System.Runtime": "4.1.0-rc2-24027"
        }
      },
      "System.ComponentModel.TypeConverter": {
        "type": "Transitive",
        "resolved": "4.0.1-rc2-24027",
        "contentHash": "HGB9P4M6eAWPRzFE+F+OCaNnhr2+0trWbfhHS/OoJnrdf1f8Cl6FSYAV2B5C9fxUH326Ew57fcEKloMJY4Bimg==",
        "dependencies": {
          "System.Collections": "4.0.11-rc2-24027",
          "System.ComponentModel": "4.0.1-rc2-24027",
          "System.ComponentModel.Primitives": "4.0.1-rc2-24027",
          "System.Globalization": "4.0.11-rc2-24027",
          "System.Reflection": "4.1.0-rc2-24027",
          "System.Reflection.Extensions": "4.0.1-rc2-24027",
          "System.Reflection.Primitives": "4.0.1-rc2-24027",
          "System.Resources.ResourceManager": "4.0.1-rc2-24027",
          "System.Runtime": "4.1.0-rc2-24027",
          "System.Runtime.Extensions": "4.1.0-rc2-24027",
          "System.Threading": "4.0.11-rc2-24027"
        }
      },
      "System.Console": {
        "type": "Transitive",
        "resolved": "4.0.0-rc2-24027",
        "contentHash": "ZkOW7ehVR6vnVTfttO0Z1uf3v7mT8cxQZbPHaGDyTt65qh4WzQOXgZYWqDNduyA1xWlvKh28XAhAkK0P39CcAA==",
        "dependencies": {
          "System.IO": "4.1.0-rc2-24027",
          "System.Runtime": "4.1.0-rc2-24027",
          "System.Text.Encoding": "4.0.11-rc2-24027"
        }
      },
      "System.Data.Common": {
        "type": "Transitive",
        "resolved": "4.0.1-rc2-24027",
        "contentHash": "lRXa2KTxiXF9LYhisFYWqokvtkV662ROEVJbtRG4owk/7PRvyV92gZLaDykYuNxtnscesaVIWDRWkfFfaxXmqA==",
        "dependencies": {
          "System.Collections": "4.0.11-rc2-24027",
          "System.Globalization": "4.0.11-rc2-24027",
          "System.IO": "4.1.0-rc2-24027",
          "System.Resources.ResourceManager": "4.0.1-rc2-24027",
          "System.Runtime": "4.1.0-rc2-24027",
          "System.Runtime.Extensions": "4.1.0-rc2-24027",
          "System.Text.RegularExpressions": "4.0.12-rc2-24027",
          "System.Threading.Tasks": "4.0.11-rc2-24027"
        }
      },
      "System.Diagnostics.Contracts": {
        "type": "Transitive",
        "resolved": "4.0.1-rc2-24027",
        "contentHash": "UiVz+conwNlcYGvF69rRjROVJeSNOXpkHKMGAfIZx1zvTrZkOM2rcPjZ00aaYA+y9rR0GAGKwzuYo+JDkuyupw==",
        "dependencies": {
          "System.Runtime": "4.1.0-rc2-24027"
        }
      },
      "System.Diagnostics.Debug": {
        "type": "Transitive",
        "resolved": "4.0.11-rc2-24027",
        "contentHash": "k0ckwL97zqxiSjRpgmkjUoP51LvEzMshynNuNOyUsKLQTHVieTsrg2YiBnou0AsDnDk/maCmuPJvoJR0qIcOuQ==",
        "dependencies": {
          "System.Runtime": "4.1.0-rc2-24027"
        }
      },
      "System.Diagnostics.Tools": {
        "type": "Transitive",
        "resolved": "4.0.1-rc2-24027",
        "contentHash": "Afv5y9mVcMGmcN1YB4RIQdK5glUyL5cOIigi2DMuetSKJykMXxVH8KldkjYFwFKHcx8T1gN6/47knzZU3DtrrA==",
        "dependencies": {
          "System.Runtime": "4.1.0-rc2-24027"
        }
      },
      "System.Diagnostics.Tracing": {
        "type": "Transitive",
        "resolved": "4.1.0-rc2-24027",
        "contentHash": "ZRR3q7pPGqKc5rcHAhNP9bTjtIILmZu82E86n+mDyMYx+KEpuYpj8P+kQMWeLKYK1U4gxftqyidwm6+j0b+YoQ==",
        "dependencies": {
          "System.Runtime": "4.1.0-rc2-24027"
        }
      },
      "System.Globalization": {
        "type": "Transitive",
        "resolved": "4.0.11-rc2-24027",
        "contentHash": "RDterYo6tAE2YslHrhvAdrAkTdhGkml7tg5JGX/XwgN2GGkB3NkiqigBSaUEV4S2ftCzCFDIhCxqQy57lAsEIA==",
        "dependencies": {
          "System.Runtime": "4.1.0-rc2-24027"
        }
      },
      "System.Globalization.Calendars": {
        "type": "Transitive",
        "resolved": "4.0.1-rc2-24027",
        "contentHash": "mVqwlFh2qMNkuQY7KColHE3XkpFhSVLE2GF8J4jiXHmqbeIBh5D1/nPjr4JLVHzO3nyFQE0JwqDsVXtpv/s6iw==",
        "dependencies": {
          "System.Globalization": "4.0.11-rc2-24027",
          "System.Runtime": "4.1.0-rc2-24027"
        }
      },
      "System.Globalization.Extensions": {
        "type": "Transitive",
        "resolved": "4.0.1-rc2-24027",
        "contentHash": "BaZplqKspB1c99AV3QybawRhLjzAOmPZGaiGimlCMD3KmztARHW2Im7gD2ECxjk+pGkyML7GuiGEuJae83Ky0w==",
        "dependencies": {
          "System.Globalization": "4.0.11-rc2-24027",
          "System.Resources.ResourceManager": "4.0.1-rc2-24027",
          "System.Runtime": "4.1.0-rc2-24027",
          "System.Runtime.Extensions": "4.1.0-rc2-24027",
          "System.Runtime.InteropServices": "4.1.0-rc2-24027"
        }
      },
      "System.IO": {
        "type": "Transitive",
        "resolved": "4.1.0-rc2-24027",
        "contentHash": "VQRYN33mwALJ1UWfxxMqXzKCYUDNMUeU6j8YCxVcLCBx3Oa/l7i15NQv/OAebfOVSmBa3LmBTRP4rQqChrCbFg==",
        "dependencies": {
          "System.Runtime": "4.1.0-rc2-24027",
          "System.Text.Encoding": "4.0.11-rc2-24027",
          "System.Threading.Tasks": "4.0.11-rc2-24027"
        }
      },
      "System.IO.FileSystem": {
        "type": "Transitive",
        "resolved": "4.0.1-rc2-24027",
        "contentHash": "8iXOvjXDIQJIM881n5423Cy2A8Ajrdr9l9mXUvvsXt6wQNXAi/LBVsFRLPe7hpRUKP23niqinSBoHfMGcuxByQ==",
        "dependencies": {
          "System.IO": "4.1.0-rc2-24027",
          "System.IO.FileSystem.Primitives": "4.0.1-rc2-24027",
          "System.Runtime": "4.1.0-rc2-24027",
          "System.Runtime.Handles": "4.0.1-rc2-24027",
          "System.Text.Encoding": "4.0.11-rc2-24027",
          "System.Threading.Tasks": "4.0.11-rc2-24027"
        }
      },
      "System.IO.FileSystem.Primitives": {
        "type": "Transitive",
        "resolved": "4.0.1-rc2-24027",
        "contentHash": "SIxgLl6TXmfavhGnp3LF8X/D2zrg0ALhbfk40ntybaW9dO5nJAw7m1kllvlGFBdjefJ5Y8O1AUbbCJggC+p2yw==",
        "dependencies": {
          "System.Runtime": "4.1.0-rc2-24027"
        }
      },
      "System.IO.FileSystem.Watcher": {
        "type": "Transitive",
        "resolved": "4.0.0-rc2-24027",
        "contentHash": "ByuB1AFnjj4VDK2uefLsSCaAeI8GO5skdEpByrds+MuRDXOOK+33lh7eXuABCNfGRWR2wg8cMIw8x4o1qmog8Q==",
        "dependencies": {
          "Microsoft.Win32.Primitives": "4.0.1-rc2-24027",
          "System.Collections": "4.0.11-rc2-24027",
          "System.IO.FileSystem": "4.0.1-rc2-24027",
          "System.IO.FileSystem.Primitives": "4.0.1-rc2-24027",
          "System.Resources.ResourceManager": "4.0.1-rc2-24027",
          "System.Runtime": "4.1.0-rc2-24027",
          "System.Runtime.Extensions": "4.1.0-rc2-24027",
          "System.Runtime.Handles": "4.0.1-rc2-24027",
          "System.Runtime.InteropServices": "4.1.0-rc2-24027",
          "System.Text.Encoding": "4.0.11-rc2-24027",
          "System.Threading": "4.0.11-rc2-24027",
          "System.Threading.Overlapped": "4.0.1-rc2-24027",
          "System.Threading.Tasks": "4.0.11-rc2-24027",
          "System.Threading.Thread": "4.0.0-rc2-24027",
          "runtime.native.System": "4.0.0-rc2-24027"
        }
      },
      "System.Linq": {
        "type": "Transitive",
        "resolved": "4.1.0-rc2-24027",
        "contentHash": "uf9wbc/YWrM4xa6g0T8n1XpY/zRcTHSPw+sCwkdrL2aJbYyLFKs1Yeg8M0zjMX4SwmiNeDiZR2gkAHAPsIfKCg==",
        "dependencies": {
          "System.Collections": "4.0.11-rc2-24027",
          "System.Diagnostics.Debug": "4.0.11-rc2-24027",
          "System.Resources.ResourceManager": "4.0.1-rc2-24027",
          "System.Runtime": "4.1.0-rc2-24027",
          "System.Runtime.Extensions": "4.1.0-rc2-24027"
        }
      },
      "System.Net.NameResolution": {
        "type": "Transitive",
        "resolved": "4.0.0-rc2-24027",
        "contentHash": "c5LsVEi57gpr+CgmNKHX/AAS/ydv400yHjm+OM5gqTZ834W/R0M3t/AjdFv+LYBaliAPIUZ/ysBymyyo9ISNFQ==",
        "dependencies": {
          "System.Collections": "4.0.11-rc2-24027",
          "System.Diagnostics.Tracing": "4.1.0-rc2-24027",
          "System.Globalization": "4.0.11-rc2-24027",
          "System.Net.Primitives": "4.0.11-rc2-24027",
          "System.Resources.ResourceManager": "4.0.1-rc2-24027",
          "System.Runtime": "4.1.0-rc2-24027",
          "System.Runtime.Extensions": "4.1.0-rc2-24027",
          "System.Runtime.Handles": "4.0.1-rc2-24027",
          "System.Runtime.InteropServices": "4.1.0-rc2-24027",
          "System.Security.Principal.Windows": "4.0.0-rc2-24027",
          "System.Threading": "4.0.11-rc2-24027",
          "System.Threading.Tasks": "4.0.11-rc2-24027"
        }
      },
      "System.Net.NetworkInformation": {
        "type": "Transitive",
        "resolved": "4.1.0-rc2-24027",
        "contentHash": "9FwxjbSOrrZUG91FC3Kfs5MpdRiQ9EcBNdZ6ZM6rPJs5N1vqx/6CknqKmJHSUAFQ0J57d/UlMhfEpTocUNSEew==",
        "dependencies": {
          "Microsoft.Win32.Primitives": "4.0.1-rc2-24027",
          "System.Collections": "4.0.11-rc2-24027",
          "System.Diagnostics.Tracing": "4.1.0-rc2-24027",
          "System.Globalization": "4.0.11-rc2-24027",
          "System.IO": "4.1.0-rc2-24027",
          "System.IO.FileSystem": "4.0.1-rc2-24027",
          "System.IO.FileSystem.Primitives": "4.0.1-rc2-24027",
          "System.Linq": "4.1.0-rc2-24027",
          "System.Net.Primitives": "4.0.11-rc2-24027",
          "System.Net.Sockets": "4.1.0-rc2-24027",
          "System.Resources.ResourceManager": "4.0.1-rc2-24027",
          "System.Runtime": "4.1.0-rc2-24027",
          "System.Runtime.Extensions": "4.1.0-rc2-24027",
          "System.Runtime.Handles": "4.0.1-rc2-24027",
          "System.Runtime.InteropServices": "4.1.0-rc2-24027",
          "System.Security.Principal.Windows": "4.0.0-rc2-24027",
          "System.Threading": "4.0.11-rc2-24027",
          "System.Threading.Overlapped": "4.0.1-rc2-24027",
          "System.Threading.Tasks": "4.0.11-rc2-24027",
          "System.Threading.Thread": "4.0.0-rc2-24027",
          "System.Threading.ThreadPool": "4.0.10-rc2-24027",
          "runtime.native.System": "4.0.0-rc2-24027"
        }
      },
      "System.Net.Primitives": {
        "type": "Transitive",
        "resolved": "4.0.11-rc2-24027",
        "contentHash": "K4oOpa82emlHY0QCsWTcgLrZUw2X6BNvOVWiJOKTPxtUhUqru03Ncy0tFXbXyc9hdEvMLL3BDaN1iFTV8u1AhA==",
        "dependencies": {
          "System.Runtime": "4.1.0-rc2-24027",
          "System.Runtime.Handles": "4.0.1-rc2-24027"
        }
      },
      "System.Net.Security": {
        "type": "Transitive",
        "resolved": "4.0.0-rc2-24027",
        "contentHash": "NDppeK2WgQ1nMar+gz2jvnMl7fgLnhUtI9zd8UKf8Xy3GiXAY3k8IcNkGhFTODBGVcu7OF9ZNjJmieDLMYaRwA==",
        "dependencies": {
          "Microsoft.Win32.Primitives": "4.0.1-rc2-24027",
          "System.Collections": "4.0.11-rc2-24027",
          "System.Collections.Concurrent": "4.0.12-rc2-24027",
          "System.Diagnostics.Tracing": "4.1.0-rc2-24027",
          "System.Globalization": "4.0.11-rc2-24027",
          "System.Globalization.Extensions": "4.0.1-rc2-24027",
          "System.IO": "4.1.0-rc2-24027",
          "System.Net.Primitives": "4.0.11-rc2-24027",
          "System.Resources.ResourceManager": "4.0.1-rc2-24027",
          "System.Runtime": "4.1.0-rc2-24027",
          "System.Runtime.Extensions": "4.1.0-rc2-24027",
          "System.Runtime.Handles": "4.0.1-rc2-24027",
          "System.Runtime.InteropServices": "4.1.0-rc2-24027",
          "System.Security.Claims": "4.0.1-rc2-24027",
          "System.Security.Cryptography.Algorithms": "4.1.0-rc2-24027",
          "System.Security.Cryptography.Encoding": "4.0.0-rc2-24027",
          "System.Security.Cryptography.OpenSsl": "4.0.0-rc2-24027",
          "System.Security.Cryptography.Primitives": "4.0.0-rc2-24027",
          "System.Security.Cryptography.X509Certificates": "4.1.0-rc2-24027",
          "System.Security.Principal": "4.0.1-rc2-24027",
          "System.Text.Encoding": "4.0.11-rc2-24027",
          "System.Threading": "4.0.11-rc2-24027",
          "System.Threading.Tasks": "4.0.11-rc2-24027",
          "System.Threading.ThreadPool": "4.0.10-rc2-24027",
          "runtime.native.System.Net.Security": "4.0.1-rc2-24027"
        }
      },
      "System.Net.Sockets": {
        "type": "Transitive",
        "resolved": "4.1.0-rc2-24027",
        "contentHash": "WJ/Fu0JBpC4FEKL7Jf3Qg20NxQZUQ6EqhssHuN/E5E1Vd67vsu/xyK83no6ofZMBASfJb5Zgm6Nh4E2hXf57nQ==",
        "dependencies": {
          "System.IO": "4.1.0-rc2-24027",
          "System.Net.Primitives": "4.0.11-rc2-24027",
          "System.Runtime": "4.1.0-rc2-24027",
          "System.Threading.Tasks": "4.0.11-rc2-24027"
        }
      },
      "System.Reflection": {
        "type": "Transitive",
        "resolved": "4.1.0-rc2-24027",
        "contentHash": "RMJrRP3I71J5PLfsX2reWDPltwJs/pJ+CbIqa2ccDVop2WlBq6CuV7FOo7l77nuYFKODI6kpATLXZKiq8V8aEQ==",
        "dependencies": {
          "System.IO": "4.1.0-rc2-24027",
          "System.Reflection.Primitives": "4.0.1-rc2-24027",
          "System.Runtime": "4.1.0-rc2-24027"
        }
      },
      "System.Reflection.Extensions": {
        "type": "Transitive",
        "resolved": "4.0.1-rc2-24027",
        "contentHash": "5N1tt+n0OHyaZ3Wb73FIfNsRrkFDW1I2fuAzojudgcZ0XcAHqLE0Wb9/JQ2eG6Lp89l2qntx4HvXcIDjVwvYuw==",
        "dependencies": {
          "System.Reflection": "4.1.0-rc2-24027",
          "System.Runtime": "4.1.0-rc2-24027"
        }
      },
      "System.Reflection.Primitives": {
        "type": "Transitive",
        "resolved": "4.0.1-rc2-24027",
        "contentHash": "/FgLaA5DnqSVZVm5+eqhSjezjBCRo7+W5LzUsa3nQul6hHbMGkB2uuN8Tt6UfpLzKZ5QimefeDKkLYmChBnskQ==",
        "dependencies": {
          "System.Runtime": "4.1.0-rc2-24027"
        }
      },
      "System.Reflection.TypeExtensions": {
        "type": "Transitive",
        "resolved": "4.1.0-rc2-24027",
        "contentHash": "1t2V/qaXZjJ2krlf97bGEcqiNjriHZQv5mx3Mez2PJ2+gqJbu0vPWCSNTN8Y+miCuRm+Pwx0ZFAoCQHkij2xcQ==",
        "dependencies": {
          "System.Reflection": "4.1.0-rc2-24027",
          "System.Runtime": "4.1.0-rc2-24027"
        }
      },
      "System.Resources.ResourceManager": {
        "type": "Transitive",
        "resolved": "4.0.1-rc2-24027",
        "contentHash": "WFDuYprqRWAVcQzArAqgabw9bbGPBaogBG17sGtZ5Iyb7ddOcIs89QYdcxdatPkSYOFNWydwSY2fyOjhIKMIcA==",
        "dependencies": {
          "System.Globalization": "4.0.11-rc2-24027",
          "System.Reflection": "4.1.0-rc2-24027",
          "System.Runtime": "4.1.0-rc2-24027"
        }
      },
      "System.Runtime": {
        "type": "Transitive",
        "resolved": "4.1.0-rc2-24027",
        "contentHash": "sDyyCeXycMSiNP4z1wyeyXlZSb26/OXIAwqnDsOAjw9PL3r8OgDRJgt4SH6Qid5z6E5IEGTKwjBjrHJGoa8bag=="
      },
      "System.Runtime.CompilerServices.Unsafe": {
        "type": "Transitive",
        "resolved": "4.5.3",
        "contentHash": "3TIsJhD1EiiT0w2CcDMN/iSSwnNnsrnbzeVHSKkaEgV85txMprmuO+Yq2AdSbeVGcg28pdNDTPK87tJhX7VFHw=="
      },
      "System.Runtime.Extensions": {
        "type": "Transitive",
        "resolved": "4.1.0-rc2-24027",
        "contentHash": "rHmAgtQY8XlVd4tB/5ta8IzxAL9gpUlkTYQgUXDjdHux2MFmDSJv4vgm/atmwbKZcd0TnzjD2SYpnkWSqDWgFg==",
        "dependencies": {
          "System.Runtime": "4.1.0-rc2-24027"
        }
      },
      "System.Runtime.Handles": {
        "type": "Transitive",
        "resolved": "4.0.1-rc2-24027",
        "contentHash": "zAfnDT+YDOnVK2ZSoE+70LU94207gz0AO1B+ELtfsZB6a35yVFBo9XTE/nK9QwsZxnknPIqoQ1CJz434TC5PFA==",
        "dependencies": {
          "System.Runtime": "4.1.0-rc2-24027"
        }
      },
      "System.Runtime.InteropServices": {
        "type": "Transitive",
        "resolved": "4.1.0-rc2-24027",
        "contentHash": "HMTGM3YyFBqDSP4STwC2YC51PInAQNMRj4V3rodwhaeAl+DnRKYqRFnd3eO2l99JqrcBIgg48SFGU9zglQC38w==",
        "dependencies": {
          "System.Reflection": "4.1.0-rc2-24027",
          "System.Reflection.Primitives": "4.0.1-rc2-24027",
          "System.Runtime": "4.1.0-rc2-24027",
          "System.Runtime.Handles": "4.0.1-rc2-24027",
          "System.Runtime.InteropServices.PInvoke": "4.0.0-rc2-24027"
        }
      },
      "System.Runtime.InteropServices.PInvoke": {
        "type": "Transitive",
        "resolved": "4.0.0-rc2-24027",
        "contentHash": "KS562Uiu5jWEJqIihGZs7P+H/2rasaQC1HE0ZAx6A/2V2G8kFDydYEEB8Zs/M7roRsiCrdaj7chuokiAghShFg==",
        "dependencies": {
          "System.Runtime": "4.1.0-rc2-24027",
          "System.Runtime.Handles": "4.0.1-rc2-24027"
        }
      },
      "System.Runtime.InteropServices.RuntimeInformation": {
        "type": "Transitive",
        "resolved": "4.0.0-rc2-24027",
        "contentHash": "nsKC00hUZY8SbNHMK3RMu62zEmgdB9xKO+7B30DfLLy5R/10ICrfUVUJvvc/HQC/VSObPUdjYUsqAFoQMIaHHA==",
        "dependencies": {
          "System.Runtime": "4.1.0-rc2-24027"
        }
      },
      "System.Runtime.Numerics": {
        "type": "Transitive",
        "resolved": "4.0.1-rc2-24027",
        "contentHash": "ZcDlNWYNdyPJruJdoFiQjdD9aj17MUnK9vlShMaqIYtZmn5NuRY5Iyn0yojyA9SgJPaAoQkbvb/rJ7Nafly8sg==",
        "dependencies": {
          "System.Globalization": "4.0.11-rc2-24027",
          "System.Resources.ResourceManager": "4.0.1-rc2-24027",
          "System.Runtime": "4.1.0-rc2-24027",
          "System.Runtime.Extensions": "4.1.0-rc2-24027"
        }
      },
      "System.Security.Claims": {
        "type": "Transitive",
        "resolved": "4.0.1-rc2-24027",
        "contentHash": "9oxucsKjs8q2UZHHx6tQm78uXzAiCWE7MVbxUmLlVzCRXLKtzjWCgZqHzCjg37GHMvi326PhblnOI222CGW2GA==",
        "dependencies": {
          "System.Collections": "4.0.11-rc2-24027",
          "System.Globalization": "4.0.11-rc2-24027",
          "System.IO": "4.1.0-rc2-24027",
          "System.Resources.ResourceManager": "4.0.1-rc2-24027",
          "System.Runtime": "4.1.0-rc2-24027",
          "System.Runtime.Extensions": "4.1.0-rc2-24027",
          "System.Security.Principal": "4.0.1-rc2-24027"
        }
      },
      "System.Security.Cryptography.Algorithms": {
        "type": "Transitive",
        "resolved": "4.1.0-rc2-24027",
        "contentHash": "oh/g+cyjJ7b1GpLmSHSPAv2o3juedBppGeumF25ELzsyINFCeOGpVOdUr15GLfTpNYHyYML0PCefIW6PrFH2XQ==",
        "dependencies": {
          "System.IO": "4.1.0-rc2-24027",
          "System.Resources.ResourceManager": "4.0.1-rc2-24027",
          "System.Runtime": "4.1.0-rc2-24027",
          "System.Runtime.Extensions": "4.1.0-rc2-24027",
          "System.Runtime.Handles": "4.0.1-rc2-24027",
          "System.Runtime.InteropServices": "4.1.0-rc2-24027",
          "System.Security.Cryptography.Primitives": "4.0.0-rc2-24027",
          "System.Text.Encoding": "4.0.11-rc2-24027"
        }
      },
      "System.Security.Cryptography.Cng": {
        "type": "Transitive",
        "resolved": "4.1.0-rc2-24027",
        "contentHash": "QILmzqCpi0F9+DK5Z4/w0VW7gu07CpXksTxhkjqGspxuh7KSd+G2lsIM7vUEZaWvuwJQyQRCNRMALC7u/tgY+g==",
        "dependencies": {
          "System.IO": "4.1.0-rc2-24027",
          "System.Resources.ResourceManager": "4.0.1-rc2-24027",
          "System.Runtime": "4.1.0-rc2-24027",
          "System.Runtime.Extensions": "4.1.0-rc2-24027",
          "System.Runtime.Handles": "4.0.1-rc2-24027",
          "System.Runtime.InteropServices": "4.1.0-rc2-24027",
          "System.Security.Cryptography.Algorithms": "4.1.0-rc2-24027",
          "System.Security.Cryptography.Primitives": "4.0.0-rc2-24027",
          "System.Text.Encoding": "4.0.11-rc2-24027"
        }
      },
      "System.Security.Cryptography.Csp": {
        "type": "Transitive",
        "resolved": "4.0.0-rc2-24027",
        "contentHash": "fQJkR6jpeLJVmB8z2XFqzRdToriROpb0MhVKvEDIOhPTwafemMe0+hxxTZ2sLJVOeytFxk10rZq05mJgA+SxdA==",
        "dependencies": {
          "System.IO": "4.1.0-rc2-24027",
          "System.Reflection": "4.1.0-rc2-24027",
          "System.Resources.ResourceManager": "4.0.1-rc2-24027",
          "System.Runtime": "4.1.0-rc2-24027",
          "System.Runtime.Extensions": "4.1.0-rc2-24027",
          "System.Runtime.Handles": "4.0.1-rc2-24027",
          "System.Runtime.InteropServices": "4.1.0-rc2-24027",
          "System.Security.Cryptography.Algorithms": "4.1.0-rc2-24027",
          "System.Security.Cryptography.Encoding": "4.0.0-rc2-24027",
          "System.Security.Cryptography.Primitives": "4.0.0-rc2-24027",
          "System.Text.Encoding": "4.0.11-rc2-24027",
          "System.Threading": "4.0.11-rc2-24027"
        }
      },
      "System.Security.Cryptography.Encoding": {
        "type": "Transitive",
        "resolved": "4.0.0-rc2-24027",
        "contentHash": "71AE+Bd68o0t6R0OEwHNRxcpcCI2kYfY0EOP+mAzIohObJKLoaDW6t8CunWOnr7hzvHI4W2UdNgmZzX2HSSuOA==",
        "dependencies": {
          "System.Collections": "4.0.11-rc2-24027",
          "System.Collections.Concurrent": "4.0.12-rc2-24027",
          "System.Diagnostics.Debug": "4.0.11-rc2-24027",
          "System.Linq": "4.1.0-rc2-24027",
          "System.Resources.ResourceManager": "4.0.1-rc2-24027",
          "System.Runtime": "4.1.0-rc2-24027",
          "System.Runtime.Extensions": "4.1.0-rc2-24027",
          "System.Runtime.Handles": "4.0.1-rc2-24027",
          "System.Runtime.InteropServices": "4.1.0-rc2-24027",
          "System.Security.Cryptography.Primitives": "4.0.0-rc2-24027",
          "System.Text.Encoding": "4.0.11-rc2-24027",
          "runtime.native.System.Security.Cryptography": "4.0.0-rc2-24027"
        }
      },
      "System.Security.Cryptography.OpenSsl": {
        "type": "Transitive",
        "resolved": "4.0.0-rc2-24027",
        "contentHash": "DZ3OjJC6O1qmYksZ45fuyHpB0julRXuohxGyDg2S4flOb8BIJYtzNZPapkkTNazDVAHohK4J8c7OLx3kFE2LVw==",
        "dependencies": {
          "System.Collections": "4.0.11-rc2-24027",
          "System.IO": "4.1.0-rc2-24027",
          "System.Resources.ResourceManager": "4.0.1-rc2-24027",
          "System.Runtime": "4.1.0-rc2-24027",
          "System.Runtime.Extensions": "4.1.0-rc2-24027",
          "System.Runtime.Handles": "4.0.1-rc2-24027",
          "System.Runtime.InteropServices": "4.1.0-rc2-24027",
          "System.Runtime.Numerics": "4.0.1-rc2-24027",
          "System.Security.Cryptography.Algorithms": "4.1.0-rc2-24027",
          "System.Security.Cryptography.Encoding": "4.0.0-rc2-24027",
          "System.Security.Cryptography.Primitives": "4.0.0-rc2-24027",
          "System.Text.Encoding": "4.0.11-rc2-24027",
          "runtime.native.System.Security.Cryptography": "4.0.0-rc2-24027"
        }
      },
      "System.Security.Cryptography.Primitives": {
        "type": "Transitive",
        "resolved": "4.0.0-rc2-24027",
        "contentHash": "0uZrfk+oxQTpQ/4qTLCTTPXMvjkf0a7YUsYP2GkIeTirphSTZ090LISz4WLXf5AbuO/hYEI7k0MSxp0uqFB0tQ==",
        "dependencies": {
          "System.Diagnostics.Debug": "4.0.11-rc2-24027",
          "System.Globalization": "4.0.11-rc2-24027",
          "System.IO": "4.1.0-rc2-24027",
          "System.Resources.ResourceManager": "4.0.1-rc2-24027",
          "System.Runtime": "4.1.0-rc2-24027",
          "System.Threading": "4.0.11-rc2-24027",
          "System.Threading.Tasks": "4.0.11-rc2-24027"
        }
      },
      "System.Security.Cryptography.X509Certificates": {
        "type": "Transitive",
        "resolved": "4.1.0-rc2-24027",
        "contentHash": "nVprbjLjneBgQj9hDlOQqydaZLj/vnBtctLB4Tr5hf9xNP32twD0EDyN75F3/58WB90bMRgWijyQuI6llRs5mQ==",
        "dependencies": {
          "System.Collections": "4.0.11-rc2-24027",
          "System.Diagnostics.Debug": "4.0.11-rc2-24027",
          "System.Globalization": "4.0.11-rc2-24027",
          "System.Globalization.Calendars": "4.0.1-rc2-24027",
          "System.IO": "4.1.0-rc2-24027",
          "System.IO.FileSystem": "4.0.1-rc2-24027",
          "System.IO.FileSystem.Primitives": "4.0.1-rc2-24027",
          "System.IO.FileSystem.Watcher": "4.0.0-rc2-24027",
          "System.Resources.ResourceManager": "4.0.1-rc2-24027",
          "System.Runtime": "4.1.0-rc2-24027",
          "System.Runtime.Extensions": "4.1.0-rc2-24027",
          "System.Runtime.Handles": "4.0.1-rc2-24027",
          "System.Runtime.InteropServices": "4.1.0-rc2-24027",
          "System.Runtime.Numerics": "4.0.1-rc2-24027",
          "System.Security.Cryptography.Algorithms": "4.1.0-rc2-24027",
          "System.Security.Cryptography.Cng": "4.1.0-rc2-24027",
          "System.Security.Cryptography.Csp": "4.0.0-rc2-24027",
          "System.Security.Cryptography.Encoding": "4.0.0-rc2-24027",
          "System.Security.Cryptography.OpenSsl": "4.0.0-rc2-24027",
          "System.Security.Cryptography.Primitives": "4.0.0-rc2-24027",
          "System.Text.Encoding": "4.0.11-rc2-24027",
          "System.Threading": "4.0.11-rc2-24027",
          "runtime.native.System": "4.0.0-rc2-24027",
          "runtime.native.System.Net.Http": "4.0.1-rc2-24027",
          "runtime.native.System.Security.Cryptography": "4.0.0-rc2-24027"
        }
      },
      "System.Security.Principal": {
        "type": "Transitive",
        "resolved": "4.0.1-rc2-24027",
        "contentHash": "L6+kLyQvfqGaJ08G8p84O1XCq5VxdjZmEyRgZjnupcZkB9MVK+1aG6iM6jMUbVz5upRm4WWXPkRbwVpUdeJYsw==",
        "dependencies": {
          "System.Runtime": "4.1.0-rc2-24027"
        }
      },
      "System.Security.Principal.Windows": {
        "type": "Transitive",
        "resolved": "4.0.0-rc2-24027",
        "contentHash": "0zK9NALYpgSfw3oADZFPqtqS9JPHPTMT6RtYawKySlGOnElJG5+hhOsLq+ktG6k10Pyvem8/Pu5CrqJEqhLQFQ==",
        "dependencies": {
          "Microsoft.Win32.Primitives": "4.0.1-rc2-24027",
          "System.Collections": "4.0.11-rc2-24027",
          "System.Diagnostics.Debug": "4.0.11-rc2-24027",
          "System.Reflection": "4.1.0-rc2-24027",
          "System.Resources.ResourceManager": "4.0.1-rc2-24027",
          "System.Runtime": "4.1.0-rc2-24027",
          "System.Runtime.Extensions": "4.1.0-rc2-24027",
          "System.Runtime.Handles": "4.0.1-rc2-24027",
          "System.Runtime.InteropServices": "4.1.0-rc2-24027",
          "System.Security.Claims": "4.0.1-rc2-24027",
          "System.Security.Principal": "4.0.1-rc2-24027",
          "System.Text.Encoding": "4.0.11-rc2-24027",
          "System.Threading": "4.0.11-rc2-24027"
        }
      },
      "System.Text.Encoding": {
        "type": "Transitive",
        "resolved": "4.0.11-rc2-24027",
        "contentHash": "WyhCB3a669kXgMXEBx+T0G+bulfT0xzhYqZvuIGm22qIFlS85z11df279viqqjkwv2PDQvLjE2YKhRqkvdEd3g==",
        "dependencies": {
          "System.Runtime": "4.1.0-rc2-24027"
        }
      },
      "System.Text.Encoding.Extensions": {
        "type": "Transitive",
        "resolved": "4.0.11-rc2-24027",
        "contentHash": "wj8if+6Wg+2Li3/T/+1+0qkuI7IZfeymtDhTiDThXDwc8+U9ZlZ2QcGHv9v9AEuh1ljWzp6dysuwehWSqAyhpg==",
        "dependencies": {
          "System.Runtime": "4.1.0-rc2-24027",
          "System.Text.Encoding": "4.0.11-rc2-24027"
        }
      },
      "System.Text.RegularExpressions": {
        "type": "Transitive",
        "resolved": "4.0.12-rc2-24027",
        "contentHash": "Hot88dwmUASuTWne7upZ1yfnXxZ9tGhRJNtlD9+s3QOqSLPy1a8fGlFIaxBVgAk7kKTb/3Eg4j+1QG6TGXDeDQ==",
        "dependencies": {
          "System.Collections": "4.0.11-rc2-24027",
          "System.Globalization": "4.0.11-rc2-24027",
          "System.Resources.ResourceManager": "4.0.1-rc2-24027",
          "System.Runtime": "4.1.0-rc2-24027",
          "System.Runtime.Extensions": "4.1.0-rc2-24027",
          "System.Threading": "4.0.11-rc2-24027"
        }
      },
      "System.Threading": {
        "type": "Transitive",
        "resolved": "4.0.11-rc2-24027",
        "contentHash": "JdVfUj82+pkIGfpUeb28HdwxoUMR7lTL5LT2iX9gyKtIo4yv2VirGPFVvohdlN9t9My+dIlYb9W4z1YlZV/RIA==",
        "dependencies": {
          "System.Runtime": "4.1.0-rc2-24027",
          "System.Threading.Tasks": "4.0.11-rc2-24027"
        }
      },
      "System.Threading.Overlapped": {
        "type": "Transitive",
        "resolved": "4.0.1-rc2-24027",
        "contentHash": "FabraxAMMWzA2IgOTTfYz1sX1V1b0KqLntBAkEB3uDiZRN2FZpGK9Puq/Z9Je44ubcBBtSNWPe+wzu+QBiKawg==",
        "dependencies": {
          "System.Resources.ResourceManager": "4.0.1-rc2-24027",
          "System.Runtime": "4.1.0-rc2-24027",
          "System.Runtime.Handles": "4.0.1-rc2-24027"
        }
      },
      "System.Threading.Tasks": {
        "type": "Transitive",
        "resolved": "4.0.11-rc2-24027",
        "contentHash": "BULvVgPxKNzMgAZpaRHREYhbGFTDbwG84mR61gGcajhLo6nn7XS9E1Lzixiv3gANtT7HROH7h3LeMPMRsEvEPQ==",
        "dependencies": {
          "System.Runtime": "4.1.0-rc2-24027"
        }
      },
      "System.Threading.Tasks.Extensions": {
        "type": "Transitive",
        "resolved": "4.5.4",
        "contentHash": "zteT+G8xuGu6mS+mzDzYXbzS7rd3K6Fjb9RiZlYlJPam2/hU7JCBZBVEcywNuR+oZ1ncTvc/cq0faRr3P01OVg==",
        "dependencies": {
          "System.Runtime.CompilerServices.Unsafe": "4.5.3"
        }
      },
      "System.Threading.Thread": {
        "type": "Transitive",
        "resolved": "4.0.0-rc2-24027",
        "contentHash": "pb71GbyEOz4LIVFjssvJ+xXRXA7dye0TuRfW/H9ocfyHensQCWZIeo89Z4rEqbK+3/mE3avAsCpBYenwop0hQA==",
        "dependencies": {
          "System.Runtime": "4.1.0-rc2-24027"
        }
      },
      "System.Threading.ThreadPool": {
        "type": "Transitive",
        "resolved": "4.0.10-rc2-24027",
        "contentHash": "MyuiERgONOnLCD45PQ1rTHYEv6R/2RL1/LxmqJh5/MXYBeh7o8B3VrXlMuxpTZwKg4pbQbLe5uWIueoPwyq8IA==",
        "dependencies": {
          "System.Runtime": "4.1.0-rc2-24027",
          "System.Runtime.Handles": "4.0.1-rc2-24027"
        }
      },
      "System.Threading.Timer": {
        "type": "Transitive",
        "resolved": "4.0.1-rc2-24027",
        "contentHash": "AA9O27bBDE+sNy3PsN3RLoHaQzK7OldejkpXoi3UAeVcR+8Yr4O0UmcdCkucE4KfGk/ID+BxHCWdws4FEDV+4w==",
        "dependencies": {
          "System.Runtime": "4.1.0-rc2-24027"
        }
      }
    }
  }
}