
Microsoft Visual Studio Solution File, Format Version 12.00
Project("{FAE04EC0-301F-11D3-BF4B-00C04F79EFBC}") = "DockerRunner", "src\DockerRunner\DockerRunner.csproj", "{D228A718-F4CA-407B-A635-BFCE6C3952A6}"
EndProject
Project("{FAE04EC0-301F-11D3-BF4B-00C04F79EFBC}") = "DockerRunner.Xunit", "src\DockerRunner.Xunit\DockerRunner.Xunit.csproj", "{912761C0-8FB6-4DB4-95C6-3639D6149472}"
EndProject
Project("{2150E333-8FDC-42A3-9474-1A3956D46DE8}") = "src", "src", "{326A78D3-285B-4142-848D-E5061614D301}"
ProjectSection(SolutionItems) = preProject
	src\Directory.Build.props = src\Directory.Build.props
EndProjectSection
EndProject
Project("{FAE04EC0-301F-11D3-BF4B-00C04F79EFBC}") = "DockerRunner.Database.MySql", "src\DockerRunner.Database.MySql\DockerRunner.Database.MySql.csproj", "{A7486FE2-7FF3-4034-8D63-5D4DDA76DD11}"
EndProject
Project("{FAE04EC0-301F-11D3-BF4B-00C04F79EFBC}") = "DockerRunner.Database.MySqlConnector", "src\DockerRunner.Database.MySqlConnector\DockerRunner.Database.MySqlConnector.csproj", "{6A67DCDF-F5A8-46CC-A8E5-44927E8E48DD}"
EndProject
Project("{FAE04EC0-301F-11D3-BF4B-00C04F79EFBC}") = "DockerRunner.Database.Npgsql", "src\DockerRunner.Database.Npgsql\DockerRunner.Database.Npgsql.csproj", "{AFE0E990-6EF7-4F59-A541-01897E1431DE}"
EndProject
Project("{FAE04EC0-301F-11D3-BF4B-00C04F79EFBC}") = "DockerRunner.Database.Oracle", "src\DockerRunner.Database.Oracle\DockerRunner.Database.Oracle.csproj", "{82223A7B-2C65-476D-AFE1-3CB85BBE7DE1}"
EndProject
Project("{FAE04EC0-301F-11D3-BF4B-00C04F79EFBC}") = "DockerRunner.Database.SqlServer", "src\DockerRunner.Database.SqlServer\DockerRunner.Database.SqlServer.csproj", "{509D471A-B084-4E73-A3DB-5433B6C76421}"
EndProject
Project("{2150E333-8FDC-42A3-9474-1A3956D46DE8}") = "tests", "tests", "{880B0709-B8B7-4B39-B3B9-A541D6F7D789}"
EndProject
Project("{FAE04EC0-301F-11D3-BF4B-00C04F79EFBC}") = "DockerRunner.Tests", "tests\Base\DockerRunner.Tests.csproj", "{4FE85050-0EB3-4CE8-BA32-5367E0CB3785}"
EndProject
Project("{FAE04EC0-301F-11D3-BF4B-00C04F79EFBC}") = "DockerRunner.Tests.MySql", "tests\MySql\DockerRunner.Tests.MySql.csproj", "{B2909399-5BB3-4165-9C9E-87F9DE53AEC3}"
EndProject
Project("{FAE04EC0-301F-11D3-BF4B-00C04F79EFBC}") = "DockerRunner.Tests.MySqlConnector", "tests\MySqlConnector\DockerRunner.Tests.MySqlConnector.csproj", "{5C708ED8-2727-4B10-9601-E2678DBC9230}"
EndProject
Project("{FAE04EC0-301F-11D3-BF4B-00C04F79EFBC}") = "DockerRunner.Tests.Npgsql", "tests\Npgsql\DockerRunner.Tests.Npgsql.csproj", "{EEEEA301-CED3-4387-96E9-F49B6D67B705}"
EndProject
Project("{FAE04EC0-301F-11D3-BF4B-00C04F79EFBC}") = "DockerRunner.Tests.Oracle", "tests\Oracle\DockerRunner.Tests.Oracle.csproj", "{3DD2401A-B390-4252-A2D2-31DA5BBB4739}"
EndProject
Project("{FAE04EC0-301F-11D3-BF4B-00C04F79EFBC}") = "DockerRunner.Tests.SqlServer", "tests\SqlServer\DockerRunner.Tests.SqlServer.csproj", "{4A1AFA33-0201-4C32-B9D4-5C25E295D871}"
EndProject
Project("{FAE04EC0-301F-11D3-BF4B-00C04F79EFBC}") = "DockerRunner.Tests.Nginx", "tests\Nginx\DockerRunner.Tests.Nginx.csproj", "{7D02FB45-691B-478F-959A-77DFD1170E9A}"
EndProject
Global
	GlobalSection(SolutionConfigurationPlatforms) = preSolution
		Debug|Any CPU = Debug|Any CPU
		Release|Any CPU = Release|Any CPU
	EndGlobalSection
	GlobalSection(ProjectConfigurationPlatforms) = postSolution
		{D228A718-F4CA-407B-A635-BFCE6C3952A6}.Debug|Any CPU.ActiveCfg = Debug|Any CPU
		{D228A718-F4CA-407B-A635-BFCE6C3952A6}.Debug|Any CPU.Build.0 = Debug|Any CPU
		{D228A718-F4CA-407B-A635-BFCE6C3952A6}.Release|Any CPU.ActiveCfg = Release|Any CPU
		{D228A718-F4CA-407B-A635-BFCE6C3952A6}.Release|Any CPU.Build.0 = Release|Any CPU
		{912761C0-8FB6-4DB4-95C6-3639D6149472}.Debug|Any CPU.ActiveCfg = Debug|Any CPU
		{912761C0-8FB6-4DB4-95C6-3639D6149472}.Debug|Any CPU.Build.0 = Debug|Any CPU
		{912761C0-8FB6-4DB4-95C6-3639D6149472}.Release|Any CPU.ActiveCfg = Release|Any CPU
		{912761C0-8FB6-4DB4-95C6-3639D6149472}.Release|Any CPU.Build.0 = Release|Any CPU
		{A7486FE2-7FF3-4034-8D63-5D4DDA76DD11}.Debug|Any CPU.ActiveCfg = Debug|Any CPU
		{A7486FE2-7FF3-4034-8D63-5D4DDA76DD11}.Debug|Any CPU.Build.0 = Debug|Any CPU
		{A7486FE2-7FF3-4034-8D63-5D4DDA76DD11}.Release|Any CPU.ActiveCfg = Release|Any CPU
		{A7486FE2-7FF3-4034-8D63-5D4DDA76DD11}.Release|Any CPU.Build.0 = Release|Any CPU
		{6A67DCDF-F5A8-46CC-A8E5-44927E8E48DD}.Debug|Any CPU.ActiveCfg = Debug|Any CPU
		{6A67DCDF-F5A8-46CC-A8E5-44927E8E48DD}.Debug|Any CPU.Build.0 = Debug|Any CPU
		{6A67DCDF-F5A8-46CC-A8E5-44927E8E48DD}.Release|Any CPU.ActiveCfg = Release|Any CPU
		{6A67DCDF-F5A8-46CC-A8E5-44927E8E48DD}.Release|Any CPU.Build.0 = Release|Any CPU
		{AFE0E990-6EF7-4F59-A541-01897E1431DE}.Debug|Any CPU.ActiveCfg = Debug|Any CPU
		{AFE0E990-6EF7-4F59-A541-01897E1431DE}.Debug|Any CPU.Build.0 = Debug|Any CPU
		{AFE0E990-6EF7-4F59-A541-01897E1431DE}.Release|Any CPU.ActiveCfg = Release|Any CPU
		{AFE0E990-6EF7-4F59-A541-01897E1431DE}.Release|Any CPU.Build.0 = Release|Any CPU
		{82223A7B-2C65-476D-AFE1-3CB85BBE7DE1}.Debug|Any CPU.ActiveCfg = Debug|Any CPU
		{82223A7B-2C65-476D-AFE1-3CB85BBE7DE1}.Debug|Any CPU.Build.0 = Debug|Any CPU
		{82223A7B-2C65-476D-AFE1-3CB85BBE7DE1}.Release|Any CPU.ActiveCfg = Release|Any CPU
		{82223A7B-2C65-476D-AFE1-3CB85BBE7DE1}.Release|Any CPU.Build.0 = Release|Any CPU
		{509D471A-B084-4E73-A3DB-5433B6C76421}.Debug|Any CPU.ActiveCfg = Debug|Any CPU
		{509D471A-B084-4E73-A3DB-5433B6C76421}.Debug|Any CPU.Build.0 = Debug|Any CPU
		{509D471A-B084-4E73-A3DB-5433B6C76421}.Release|Any CPU.ActiveCfg = Release|Any CPU
		{509D471A-B084-4E73-A3DB-5433B6C76421}.Release|Any CPU.Build.0 = Release|Any CPU
		{4FE85050-0EB3-4CE8-BA32-5367E0CB3785}.Debug|Any CPU.ActiveCfg = Debug|Any CPU
		{4FE85050-0EB3-4CE8-BA32-5367E0CB3785}.Debug|Any CPU.Build.0 = Debug|Any CPU
		{4FE85050-0EB3-4CE8-BA32-5367E0CB3785}.Release|Any CPU.ActiveCfg = Release|Any CPU
		{4FE85050-0EB3-4CE8-BA32-5367E0CB3785}.Release|Any CPU.Build.0 = Release|Any CPU
		{B2909399-5BB3-4165-9C9E-87F9DE53AEC3}.Debug|Any CPU.ActiveCfg = Debug|Any CPU
		{B2909399-5BB3-4165-9C9E-87F9DE53AEC3}.Debug|Any CPU.Build.0 = Debug|Any CPU
		{B2909399-5BB3-4165-9C9E-87F9DE53AEC3}.Release|Any CPU.ActiveCfg = Release|Any CPU
		{B2909399-5BB3-4165-9C9E-87F9DE53AEC3}.Release|Any CPU.Build.0 = Release|Any CPU
		{5C708ED8-2727-4B10-9601-E2678DBC9230}.Debug|Any CPU.ActiveCfg = Debug|Any CPU
		{5C708ED8-2727-4B10-9601-E2678DBC9230}.Debug|Any CPU.Build.0 = Debug|Any CPU
		{5C708ED8-2727-4B10-9601-E2678DBC9230}.Release|Any CPU.ActiveCfg = Release|Any CPU
		{5C708ED8-2727-4B10-9601-E2678DBC9230}.Release|Any CPU.Build.0 = Release|Any CPU
		{EEEEA301-CED3-4387-96E9-F49B6D67B705}.Debug|Any CPU.ActiveCfg = Debug|Any CPU
		{EEEEA301-CED3-4387-96E9-F49B6D67B705}.Debug|Any CPU.Build.0 = Debug|Any CPU
		{EEEEA301-CED3-4387-96E9-F49B6D67B705}.Release|Any CPU.ActiveCfg = Release|Any CPU
		{EEEEA301-CED3-4387-96E9-F49B6D67B705}.Release|Any CPU.Build.0 = Release|Any CPU
		{3DD2401A-B390-4252-A2D2-31DA5BBB4739}.Debug|Any CPU.ActiveCfg = Debug|Any CPU
		{3DD2401A-B390-4252-A2D2-31DA5BBB4739}.Debug|Any CPU.Build.0 = Debug|Any CPU
		{3DD2401A-B390-4252-A2D2-31DA5BBB4739}.Release|Any CPU.ActiveCfg = Release|Any CPU
		{3DD2401A-B390-4252-A2D2-31DA5BBB4739}.Release|Any CPU.Build.0 = Release|Any CPU
		{4A1AFA33-0201-4C32-B9D4-5C25E295D871}.Debug|Any CPU.ActiveCfg = Debug|Any CPU
		{4A1AFA33-0201-4C32-B9D4-5C25E295D871}.Debug|Any CPU.Build.0 = Debug|Any CPU
		{4A1AFA33-0201-4C32-B9D4-5C25E295D871}.Release|Any CPU.ActiveCfg = Release|Any CPU
		{4A1AFA33-0201-4C32-B9D4-5C25E295D871}.Release|Any CPU.Build.0 = Release|Any CPU
		{7D02FB45-691B-478F-959A-77DFD1170E9A}.Debug|Any CPU.ActiveCfg = Debug|Any CPU
		{7D02FB45-691B-478F-959A-77DFD1170E9A}.Debug|Any CPU.Build.0 = Debug|Any CPU
		{7D02FB45-691B-478F-959A-77DFD1170E9A}.Release|Any CPU.ActiveCfg = Release|Any CPU
		{7D02FB45-691B-478F-959A-77DFD1170E9A}.Release|Any CPU.Build.0 = Release|Any CPU
	EndGlobalSection
	GlobalSection(NestedProjects) = preSolution
		{D228A718-F4CA-407B-A635-BFCE6C3952A6} = {326A78D3-285B-4142-848D-E5061614D301}
		{912761C0-8FB6-4DB4-95C6-3639D6149472} = {326A78D3-285B-4142-848D-E5061614D301}
		{A7486FE2-7FF3-4034-8D63-5D4DDA76DD11} = {326A78D3-285B-4142-848D-E5061614D301}
		{6A67DCDF-F5A8-46CC-A8E5-44927E8E48DD} = {326A78D3-285B-4142-848D-E5061614D301}
		{AFE0E990-6EF7-4F59-A541-01897E1431DE} = {326A78D3-285B-4142-848D-E5061614D301}
		{82223A7B-2C65-476D-AFE1-3CB85BBE7DE1} = {326A78D3-285B-4142-848D-E5061614D301}
		{509D471A-B084-4E73-A3DB-5433B6C76421} = {326A78D3-285B-4142-848D-E5061614D301}
		{B2909399-5BB3-4165-9C9E-87F9DE53AEC3} = {880B0709-B8B7-4B39-B3B9-A541D6F7D789}
		{4FE85050-0EB3-4CE8-BA32-5367E0CB3785} = {880B0709-B8B7-4B39-B3B9-A541D6F7D789}
		{5C708ED8-2727-4B10-9601-E2678DBC9230} = {880B0709-B8B7-4B39-B3B9-A541D6F7D789}
		{EEEEA301-CED3-4387-96E9-F49B6D67B705} = {880B0709-B8B7-4B39-B3B9-A541D6F7D789}
		{3DD2401A-B390-4252-A2D2-31DA5BBB4739} = {880B0709-B8B7-4B39-B3B9-A541D6F7D789}
		{4A1AFA33-0201-4C32-B9D4-5C25E295D871} = {880B0709-B8B7-4B39-B3B9-A541D6F7D789}
		{7D02FB45-691B-478F-959A-77DFD1170E9A} = {880B0709-B8B7-4B39-B3B9-A541D6F7D789}
	EndGlobalSection
EndGlobal
